{
  "name": "my-lib",
  "version": "0.0.1",
  "lockfileVersion": 1,
  "requires": true,
  "dependencies": {
    "@types/concaveman": {
      "version": "1.1.3",
      "resolved": "https://registry.npmjs.org/@types/concaveman/-/concaveman-1.1.3.tgz",
      "integrity": "sha512-G6crIs1efR4OV/Nshgh2w7H0GSsUomloz9Hq0iFysLXsIRX5fHbYGLncIo/RyCljgcpBOqsQdS5e+qJ+ZBVNSg==",
      "dev": true
    },
    "@types/geojson": {
      "version": "7946.0.7",
      "resolved": "https://registry.npmjs.org/@types/geojson/-/geojson-7946.0.7.tgz",
      "integrity": "sha512-wE2v81i4C4Ol09RtsWFAqg3BUitWbHSpSlIo+bNdsCJijO9sjme+zm+73ZMCa/qMC8UEERxzGbvmr1cffo2SiQ==",
      "dev": true
    },
    "@types/leaflet": {
      "version": "1.5.8",
      "resolved": "https://registry.npmjs.org/@types/leaflet/-/leaflet-1.5.8.tgz",
      "integrity": "sha512-qpi5n4LmwenUFZ+VZ7ytRgHK+ZAclIvloL2zoKCmmj244WD2hBcLbUZ6Szvajfe3sIkSYEJ8WZ1p9VYl8tRsMA==",
      "dev": true,
      "requires": {
        "@types/geojson": "*"
      }
    }
  }
}
